
Microsoft Visual Studio Solution File, Format Version 12.00
# Visual Studio Version 17
VisualStudioVersion = 17.8.34330.188
MinimumVisualStudioVersion = 10.0.40219.1
Project("{9A19103F-16F7-4668-BE54-9A1E7A4F7556}") = "BooksApp.Web", "BooksApp.Web\BooksApp.Web.csproj", "{1DEC9064-473B-43F6-A448-C7E90BBD6A2C}"
EndProject
Project("{FAE04EC0-301F-11D3-BF4B-00C04F79EFBC}") = "BooksApp.Services", "BooksApp.Services\BooksApp.Services.csproj", "{9928E599-47E2-4659-B910-00AFE83AFADD}"
EndProject
Project("{FAE04EC0-301F-11D3-BF4B-00C04F79EFBC}") = "BooksApp.Data", "BooksApp.Data\BooksApp.Data.csproj", "{ED02443E-7226-4B3E-A691-7FA96AB59639}"
EndProject
Global
	GlobalSection(SolutionConfigurationPlatforms) = preSolution
		Debug|Any CPU = Debug|Any CPU
		Release|Any CPU = Release|Any CPU
	EndGlobalSection
	GlobalSection(ProjectConfigurationPlatforms) = postSolution
		{1DEC9064-473B-43F6-A448-C7E90BBD6A2C}.Debug|Any CPU.ActiveCfg = Debug|Any CPU
		{1DEC9064-473B-43F6-A448-C7E90BBD6A2C}.Debug|Any CPU.Build.0 = Debug|Any CPU
		{1DEC9064-473B-43F6-A448-C7E90BBD6A2C}.Release|Any CPU.ActiveCfg = Release|Any CPU
		{1DEC9064-473B-43F6-A448-C7E90BBD6A2C}.Release|Any CPU.Build.0 = Release|Any CPU
		{9928E599-47E2-4659-B910-00AFE83AFADD}.Debug|Any CPU.ActiveCfg = Debug|Any CPU
		{9928E599-47E2-4659-B910-00AFE83AFADD}.Debug|Any CPU.Build.0 = Debug|Any CPU
		{9928E599-47E2-4659-B910-00AFE83AFADD}.Release|Any CPU.ActiveCfg = Release|Any CPU
		{9928E599-47E2-4659-B910-00AFE83AFADD}.Release|Any CPU.Build.0 = Release|Any CPU
		{ED02443E-7226-4B3E-A691-7FA96AB59639}.Debug|Any CPU.ActiveCfg = Debug|Any CPU
		{ED02443E-7226-4B3E-A691-7FA96AB59639}.Debug|Any CPU.Build.0 = Debug|Any CPU
		{ED02443E-7226-4B3E-A691-7FA96AB59639}.Release|Any CPU.ActiveCfg = Release|Any CPU
		{ED02443E-7226-4B3E-A691-7FA96AB59639}.Release|Any CPU.Build.0 = Release|Any CPU
	EndGlobalSection
	GlobalSection(SolutionProperties) = preSolution
		HideSolutionNode = FALSE
	EndGlobalSection
	GlobalSection(ExtensibilityGlobals) = postSolution
		SolutionGuid = {954AB9F6-EEA2-473D-9D1B-DC363EA689CC}
	EndGlobalSection
EndGlobal
